
Microsoft Visual Studio Solution File, Format Version 12.00
# Visual Studio Version 16
VisualStudioVersion = 16.0.31402.337
MinimumVisualStudioVersion = 10.0.40219.1
Project("{9A19103F-16F7-4668-BE54-9A1E7A4F7556}") = "DecoratorExample", "DecoratorExample.csproj", "{5A78B3AA-CEE5-441F-BE1D-C83D80C95B84}"
EndProject
Global
	GlobalSection(SolutionConfigurationPlatforms) = preSolution
		Debug|Any CPU = Debug|Any CPU
		Release|Any CPU = Release|Any CPU
	EndGlobalSection
	GlobalSection(ProjectConfigurationPlatforms) = postSolution
		{5A78B3AA-CEE5-441F-BE1D-C83D80C95B84}.Debug|Any CPU.ActiveCfg = Debug|Any CPU
		{5A78B3AA-CEE5-441F-BE1D-C83D80C95B84}.Debug|Any CPU.Build.0 = Debug|Any CPU
		{5A78B3AA-CEE5-441F-BE1D-C83D80C95B84}.Release|Any CPU.ActiveCfg = Release|Any CPU
		{5A78B3AA-CEE5-441F-BE1D-C83D80C95B84}.Release|Any CPU.Build.0 = Release|Any CPU
	EndGlobalSection
	GlobalSection(SolutionProperties) = preSolution
		HideSolutionNode = FALSE
	EndGlobalSection
	GlobalSection(ExtensibilityGlobals) = postSolution
		SolutionGuid = {46BC8DD0-DE70-4604-BE4B-77E905F66542}
	EndGlobalSection
EndGlobal
